
Microsoft Visual Studio Solution File, Format Version 12.00
# Visual Studio Version 16
VisualStudioVersion = 16.0.30803.129
MinimumVisualStudioVersion = 10.0.40219.1
Project("{9A19103F-16F7-4668-BE54-9A1E7A4F7556}") = "DotNet.VersionSweeper", "src\DotNet.VersionSweeper\DotNet.VersionSweeper.csproj", "{835DBC44-B11C-45E8-A042-D550FC96F4B0}"
EndProject
Project("{9A19103F-16F7-4668-BE54-9A1E7A4F7556}") = "DotNet.Releases", "src\DotNet.Releases\DotNet.Releases.csproj", "{450FAE99-6EFF-41DB-A041-CA520FCEE8BD}"
EndProject
Project("{2150E333-8FDC-42A3-9474-1A3956D46DE8}") = "Solution Items", "Solution Items", "{43221688-41C3-4B33-883E-03D24D736AB3}"
	ProjectSection(SolutionItems) = preProject
		.editorconfig = .editorconfig
		action.yml = action.yml
		.github\workflows\build-and-test.yml = .github\workflows\build-and-test.yml
		Dockerfile = Dockerfile
		.github\workflows\dog-food.yml = .github\workflows\dog-food.yml
		dotnet-versionsweeper.json = dotnet-versionsweeper.json
		README.md = README.md
	EndProjectSection
EndProject
Project("{9A19103F-16F7-4668-BE54-9A1E7A4F7556}") = "DotNet.Extensions", "src\DotNet.Extensions\DotNet.Extensions.csproj", "{0E8EA2BE-D431-4FD1-AF86-82EC582F661C}"
EndProject
Project("{9A19103F-16F7-4668-BE54-9A1E7A4F7556}") = "DotNet.ExtensionsTests", "test\DotNet.ExtensionsTests\DotNet.ExtensionsTests.csproj", "{D650132B-8F42-472B-9DA2-4FD23780A8DF}"
EndProject
Project("{9A19103F-16F7-4668-BE54-9A1E7A4F7556}") = "DotNet.ReleasesTests", "test\DotNet.ReleasesTests\DotNet.ReleasesTests.csproj", "{3F999240-E302-4C10-857E-04CC93D76038}"
EndProject
Project("{2150E333-8FDC-42A3-9474-1A3956D46DE8}") = "src", "src", "{503A8641-B4A5-4D57-9CD2-54C5F894E88D}"
EndProject
Project("{2150E333-8FDC-42A3-9474-1A3956D46DE8}") = "test", "test", "{0E68FE58-BFAB-45C8-8EB5-52C74A6ADF7E}"
EndProject
Project("{9A19103F-16F7-4668-BE54-9A1E7A4F7556}") = "DotNet.GitHub", "src\DotNet.GitHub\DotNet.GitHub.csproj", "{931641EA-E452-42BA-8355-FC688C8AE98A}"
EndProject
Project("{9A19103F-16F7-4668-BE54-9A1E7A4F7556}") = "DotNet.Models", "src\DotNet.Models\DotNet.Models.csproj", "{BA6248D6-CD11-45FE-89C0-39CE9422E99A}"
EndProject
Project("{9A19103F-16F7-4668-BE54-9A1E7A4F7556}") = "DotNet.ModelsTests", "test\DotNet.ModelsTests\DotNet.ModelsTests.csproj", "{FF1E1353-6161-4D27-A5C5-3BF580ABFD17}"
EndProject
Project("{9A19103F-16F7-4668-BE54-9A1E7A4F7556}") = "DotNet.VersionSweeperTests", "test\DotNet.VersionSweeperTests\DotNet.VersionSweeperTests.csproj", "{FA3117CD-8600-4FFF-9B23-8DD89BE50D3A}"
EndProject
Project("{9A19103F-16F7-4668-BE54-9A1E7A4F7556}") = "DotNet.GitHubTests", "test\DotNet.GitHubTests\DotNet.GitHubTests.csproj", "{92D0C554-90BD-4A2F-AD5E-2E799EBCE7A8}"
EndProject
Project("{9A19103F-16F7-4668-BE54-9A1E7A4F7556}") = "DotNet.Reporter", "src\DotNet.Reporter\DotNet.Reporter.csproj", "{75F56507-A860-40B4-97E9-13C0D541D441}"
EndProject
Project("{9A19103F-16F7-4668-BE54-9A1E7A4F7556}") = "DotNet.GitHubActions", "src\DotNet.GitHubActions\DotNet.GitHubActions.csproj", "{B221E8F2-3933-4111-A5A6-DA2C02498BBF}"
EndProject
Project("{2150E333-8FDC-42A3-9474-1A3956D46DE8}") = "dist", "dist", "{60197F2F-56C6-4E90-99D9-07AC8E776FFB}"
	ProjectSection(SolutionItems) = preProject
		dist\CommandLine.dll = dist\CommandLine.dll
		dist\Dawn.Guard.dll = dist\Dawn.Guard.dll
		dist\DotNet.Extensions.dll = dist\DotNet.Extensions.dll
		dist\DotNet.Extensions.pdb = dist\DotNet.Extensions.pdb
		dist\DotNet.GitHub.dll = dist\DotNet.GitHub.dll
		dist\DotNet.GitHub.pdb = dist\DotNet.GitHub.pdb
		dist\DotNet.GitHubActions.dll = dist\DotNet.GitHubActions.dll
		dist\DotNet.GitHubActions.pdb = dist\DotNet.GitHubActions.pdb
		dist\DotNet.Models.dll = dist\DotNet.Models.dll
		dist\DotNet.Models.pdb = dist\DotNet.Models.pdb
		dist\DotNet.Releases.dll = dist\DotNet.Releases.dll
		dist\DotNet.Releases.pdb = dist\DotNet.Releases.pdb
		DotNet.Sweeper.runtimeconfig.json = DotNet.Sweeper.runtimeconfig.json
		dist\DotNet.VersionSweeper.deps.json = dist\DotNet.VersionSweeper.deps.json
		dist\DotNet.VersionSweeper.dll = dist\DotNet.VersionSweeper.dll
		dist\DotNet.VersionSweeper.exe = dist\DotNet.VersionSweeper.exe
		dist\DotNet.VersionSweeper.pdb = dist\DotNet.VersionSweeper.pdb
		dist\DotNet.VersionSweeper.runtimeconfig.json = dist\DotNet.VersionSweeper.runtimeconfig.json
		dist\MarkdownBuilder.dll = dist\MarkdownBuilder.dll
		dist\Microsoft.Extensions.Caching.Abstractions.dll = dist\Microsoft.Extensions.Caching.Abstractions.dll
		dist\Microsoft.Extensions.Caching.Memory.dll = dist\Microsoft.Extensions.Caching.Memory.dll
		dist\Microsoft.Extensions.Configuration.Abstractions.dll = dist\Microsoft.Extensions.Configuration.Abstractions.dll
		dist\Microsoft.Extensions.Configuration.Binder.dll = dist\Microsoft.Extensions.Configuration.Binder.dll
		dist\Microsoft.Extensions.Configuration.CommandLine.dll = dist\Microsoft.Extensions.Configuration.CommandLine.dll
		dist\Microsoft.Extensions.Configuration.dll = dist\Microsoft.Extensions.Configuration.dll
		dist\Microsoft.Extensions.Configuration.EnvironmentVariables.dll = dist\Microsoft.Extensions.Configuration.EnvironmentVariables.dll
		dist\Microsoft.Extensions.Configuration.FileExtensions.dll = dist\Microsoft.Extensions.Configuration.FileExtensions.dll
		dist\Microsoft.Extensions.Configuration.Json.dll = dist\Microsoft.Extensions.Configuration.Json.dll
		dist\Microsoft.Extensions.Configuration.UserSecrets.dll = dist\Microsoft.Extensions.Configuration.UserSecrets.dll
		dist\Microsoft.Extensions.DependencyInjection.Abstractions.dll = dist\Microsoft.Extensions.DependencyInjection.Abstractions.dll
		dist\Microsoft.Extensions.DependencyInjection.dll = dist\Microsoft.Extensions.DependencyInjection.dll
		dist\Microsoft.Extensions.FileProviders.Abstractions.dll = dist\Microsoft.Extensions.FileProviders.Abstractions.dll
		dist\Microsoft.Extensions.FileProviders.Physical.dll = dist\Microsoft.Extensions.FileProviders.Physical.dll
		dist\Microsoft.Extensions.FileSystemGlobbing.dll = dist\Microsoft.Extensions.FileSystemGlobbing.dll
		dist\Microsoft.Extensions.Hosting.Abstractions.dll = dist\Microsoft.Extensions.Hosting.Abstractions.dll
		dist\Microsoft.Extensions.Hosting.dll = dist\Microsoft.Extensions.Hosting.dll
		dist\Microsoft.Extensions.Http.dll = dist\Microsoft.Extensions.Http.dll
		dist\Microsoft.Extensions.Logging.Abstractions.dll = dist\Microsoft.Extensions.Logging.Abstractions.dll
		dist\Microsoft.Extensions.Logging.Configuration.dll = dist\Microsoft.Extensions.Logging.Configuration.dll
		dist\Microsoft.Extensions.Logging.Console.dll = dist\Microsoft.Extensions.Logging.Console.dll
		dist\Microsoft.Extensions.Logging.Debug.dll = dist\Microsoft.Extensions.Logging.Debug.dll
		dist\Microsoft.Extensions.Logging.dll = dist\Microsoft.Extensions.Logging.dll
		dist\Microsoft.Extensions.Logging.EventLog.dll = dist\Microsoft.Extensions.Logging.EventLog.dll
		dist\Microsoft.Extensions.Logging.EventSource.dll = dist\Microsoft.Extensions.Logging.EventSource.dll
		dist\Microsoft.Extensions.Options.ConfigurationExtensions.dll = dist\Microsoft.Extensions.Options.ConfigurationExtensions.dll
		dist\Microsoft.Extensions.Options.dll = dist\Microsoft.Extensions.Options.dll
		dist\Microsoft.Extensions.Primitives.dll = dist\Microsoft.Extensions.Primitives.dll
		dist\Nito.AsyncEx.Context.dll = dist\Nito.AsyncEx.Context.dll
		dist\Nito.AsyncEx.Coordination.dll = dist\Nito.AsyncEx.Coordination.dll
		dist\Nito.AsyncEx.Interop.WaitHandles.dll = dist\Nito.AsyncEx.Interop.WaitHandles.dll
		dist\Nito.AsyncEx.Oop.dll = dist\Nito.AsyncEx.Oop.dll
		dist\Nito.AsyncEx.Tasks.dll = dist\Nito.AsyncEx.Tasks.dll
		dist\Nito.Cancellation.dll = dist\Nito.Cancellation.dll
		dist\Nito.Collections.Deque.dll = dist\Nito.Collections.Deque.dll
		dist\Nito.Disposables.dll = dist\Nito.Disposables.dll
		dist\NuGet.Versioning.dll = dist\NuGet.Versioning.dll
		dist\Octokit.dll = dist\Octokit.dll
		dist\Octokit.Extensions.dll = dist\Octokit.Extensions.dll
		dist\Polly.dll = dist\Polly.dll
		dist\System.Diagnostics.EventLog.dll = dist\System.Diagnostics.EventLog.dll
		dist\System.Linq.Async.dll = dist\System.Linq.Async.dll
	EndProjectSection
EndProject
Project("{2150E333-8FDC-42A3-9474-1A3956D46DE8}") = "non-lts", "non-lts", "{3241C58C-62C0-40DD-9B85-43A50641A3FA}"
EndProject
Project("{9A19103F-16F7-4668-BE54-9A1E7A4F7556}") = "MultipleTargets", "non-lts\MultipleTargets.csproj", "{66C636CB-DD2A-43EF-873E-5F348F65F381}"
EndProject
Project("{778DAE3C-4631-46EA-AA77-85C1314464D9}") = "Legacy", "non-lts\Legacy.vbproj", "{EA788CFE-3CC1-4FE0-AD4D-273D44173799}"
EndProject
Project("{6EC3EE1D-3C4E-46DD-8F32-0CC8E7565705}") = "OldBits", "non-lts\OldBits.fsproj", "{90C168E1-E8C6-4779-90B8-C8CBEF95AD06}"
EndProject
Project("{9A19103F-16F7-4668-BE54-9A1E7A4F7556}") = "ThisShouldNeverBeFlagged", "non-lts\ThisShouldNeverBeFlagged.csproj", "{412A1687-B123-4D37-A6C9-DD6197A214D9}"
EndProject
Project("{9A19103F-16F7-4668-BE54-9A1E7A4F7556}") = "DotNet.IO", "src\DotNet.IO\DotNet.IO.csproj", "{BD2148A3-7D83-4AE8-A199-437E8258289F}"
EndProject
Project("{9A19103F-16F7-4668-BE54-9A1E7A4F7556}") = "DotNet.IOTests", "test\DotNet.IOTests\DotNet.IOTests.csproj", "{B401F1C9-3212-490D-979A-E35B510FBDE9}"
EndProject
Global
	GlobalSection(SolutionConfigurationPlatforms) = preSolution
		Debug|Any CPU = Debug|Any CPU
		Release|Any CPU = Release|Any CPU
	EndGlobalSection
	GlobalSection(ProjectConfigurationPlatforms) = postSolution
		{835DBC44-B11C-45E8-A042-D550FC96F4B0}.Debug|Any CPU.ActiveCfg = Debug|Any CPU
		{835DBC44-B11C-45E8-A042-D550FC96F4B0}.Debug|Any CPU.Build.0 = Debug|Any CPU
		{835DBC44-B11C-45E8-A042-D550FC96F4B0}.Release|Any CPU.ActiveCfg = Release|Any CPU
		{835DBC44-B11C-45E8-A042-D550FC96F4B0}.Release|Any CPU.Build.0 = Release|Any CPU
		{450FAE99-6EFF-41DB-A041-CA520FCEE8BD}.Debug|Any CPU.ActiveCfg = Debug|Any CPU
		{450FAE99-6EFF-41DB-A041-CA520FCEE8BD}.Debug|Any CPU.Build.0 = Debug|Any CPU
		{450FAE99-6EFF-41DB-A041-CA520FCEE8BD}.Release|Any CPU.ActiveCfg = Release|Any CPU
		{450FAE99-6EFF-41DB-A041-CA520FCEE8BD}.Release|Any CPU.Build.0 = Release|Any CPU
		{0E8EA2BE-D431-4FD1-AF86-82EC582F661C}.Debug|Any CPU.ActiveCfg = Debug|Any CPU
		{0E8EA2BE-D431-4FD1-AF86-82EC582F661C}.Debug|Any CPU.Build.0 = Debug|Any CPU
		{0E8EA2BE-D431-4FD1-AF86-82EC582F661C}.Release|Any CPU.ActiveCfg = Release|Any CPU
		{0E8EA2BE-D431-4FD1-AF86-82EC582F661C}.Release|Any CPU.Build.0 = Release|Any CPU
		{D650132B-8F42-472B-9DA2-4FD23780A8DF}.Debug|Any CPU.ActiveCfg = Debug|Any CPU
		{D650132B-8F42-472B-9DA2-4FD23780A8DF}.Debug|Any CPU.Build.0 = Debug|Any CPU
		{D650132B-8F42-472B-9DA2-4FD23780A8DF}.Release|Any CPU.ActiveCfg = Release|Any CPU
		{D650132B-8F42-472B-9DA2-4FD23780A8DF}.Release|Any CPU.Build.0 = Release|Any CPU
		{3F999240-E302-4C10-857E-04CC93D76038}.Debug|Any CPU.ActiveCfg = Debug|Any CPU
		{3F999240-E302-4C10-857E-04CC93D76038}.Debug|Any CPU.Build.0 = Debug|Any CPU
		{3F999240-E302-4C10-857E-04CC93D76038}.Release|Any CPU.ActiveCfg = Release|Any CPU
		{3F999240-E302-4C10-857E-04CC93D76038}.Release|Any CPU.Build.0 = Release|Any CPU
		{931641EA-E452-42BA-8355-FC688C8AE98A}.Debug|Any CPU.ActiveCfg = Debug|Any CPU
		{931641EA-E452-42BA-8355-FC688C8AE98A}.Debug|Any CPU.Build.0 = Debug|Any CPU
		{931641EA-E452-42BA-8355-FC688C8AE98A}.Release|Any CPU.ActiveCfg = Release|Any CPU
		{931641EA-E452-42BA-8355-FC688C8AE98A}.Release|Any CPU.Build.0 = Release|Any CPU
		{BA6248D6-CD11-45FE-89C0-39CE9422E99A}.Debug|Any CPU.ActiveCfg = Debug|Any CPU
		{BA6248D6-CD11-45FE-89C0-39CE9422E99A}.Debug|Any CPU.Build.0 = Debug|Any CPU
		{BA6248D6-CD11-45FE-89C0-39CE9422E99A}.Release|Any CPU.ActiveCfg = Release|Any CPU
		{BA6248D6-CD11-45FE-89C0-39CE9422E99A}.Release|Any CPU.Build.0 = Release|Any CPU
		{FF1E1353-6161-4D27-A5C5-3BF580ABFD17}.Debug|Any CPU.ActiveCfg = Debug|Any CPU
		{FF1E1353-6161-4D27-A5C5-3BF580ABFD17}.Debug|Any CPU.Build.0 = Debug|Any CPU
		{FF1E1353-6161-4D27-A5C5-3BF580ABFD17}.Release|Any CPU.ActiveCfg = Release|Any CPU
		{FF1E1353-6161-4D27-A5C5-3BF580ABFD17}.Release|Any CPU.Build.0 = Release|Any CPU
		{FA3117CD-8600-4FFF-9B23-8DD89BE50D3A}.Debug|Any CPU.ActiveCfg = Debug|Any CPU
		{FA3117CD-8600-4FFF-9B23-8DD89BE50D3A}.Debug|Any CPU.Build.0 = Debug|Any CPU
		{FA3117CD-8600-4FFF-9B23-8DD89BE50D3A}.Release|Any CPU.ActiveCfg = Release|Any CPU
		{FA3117CD-8600-4FFF-9B23-8DD89BE50D3A}.Release|Any CPU.Build.0 = Release|Any CPU
		{92D0C554-90BD-4A2F-AD5E-2E799EBCE7A8}.Debug|Any CPU.ActiveCfg = Debug|Any CPU
		{92D0C554-90BD-4A2F-AD5E-2E799EBCE7A8}.Debug|Any CPU.Build.0 = Debug|Any CPU
		{92D0C554-90BD-4A2F-AD5E-2E799EBCE7A8}.Release|Any CPU.ActiveCfg = Release|Any CPU
		{92D0C554-90BD-4A2F-AD5E-2E799EBCE7A8}.Release|Any CPU.Build.0 = Release|Any CPU
		{75F56507-A860-40B4-97E9-13C0D541D441}.Debug|Any CPU.ActiveCfg = Debug|Any CPU
		{75F56507-A860-40B4-97E9-13C0D541D441}.Debug|Any CPU.Build.0 = Debug|Any CPU
		{75F56507-A860-40B4-97E9-13C0D541D441}.Release|Any CPU.ActiveCfg = Release|Any CPU
		{75F56507-A860-40B4-97E9-13C0D541D441}.Release|Any CPU.Build.0 = Release|Any CPU
		{B221E8F2-3933-4111-A5A6-DA2C02498BBF}.Debug|Any CPU.ActiveCfg = Debug|Any CPU
		{B221E8F2-3933-4111-A5A6-DA2C02498BBF}.Debug|Any CPU.Build.0 = Debug|Any CPU
		{B221E8F2-3933-4111-A5A6-DA2C02498BBF}.Release|Any CPU.ActiveCfg = Release|Any CPU
		{B221E8F2-3933-4111-A5A6-DA2C02498BBF}.Release|Any CPU.Build.0 = Release|Any CPU
		{66C636CB-DD2A-43EF-873E-5F348F65F381}.Debug|Any CPU.ActiveCfg = Debug|Any CPU
		{66C636CB-DD2A-43EF-873E-5F348F65F381}.Release|Any CPU.ActiveCfg = Release|Any CPU
		{EA788CFE-3CC1-4FE0-AD4D-273D44173799}.Debug|Any CPU.ActiveCfg = Debug|Any CPU
		{EA788CFE-3CC1-4FE0-AD4D-273D44173799}.Release|Any CPU.ActiveCfg = Release|Any CPU
		{90C168E1-E8C6-4779-90B8-C8CBEF95AD06}.Debug|Any CPU.ActiveCfg = Debug|Any CPU
		{90C168E1-E8C6-4779-90B8-C8CBEF95AD06}.Release|Any CPU.ActiveCfg = Release|Any CPU
		{412A1687-B123-4D37-A6C9-DD6197A214D9}.Debug|Any CPU.ActiveCfg = Debug|Any CPU
		{412A1687-B123-4D37-A6C9-DD6197A214D9}.Release|Any CPU.ActiveCfg = Release|Any CPU
		{BD2148A3-7D83-4AE8-A199-437E8258289F}.Debug|Any CPU.ActiveCfg = Debug|Any CPU
		{BD2148A3-7D83-4AE8-A199-437E8258289F}.Debug|Any CPU.Build.0 = Debug|Any CPU
		{BD2148A3-7D83-4AE8-A199-437E8258289F}.Release|Any CPU.ActiveCfg = Release|Any CPU
		{BD2148A3-7D83-4AE8-A199-437E8258289F}.Release|Any CPU.Build.0 = Release|Any CPU
		{B401F1C9-3212-490D-979A-E35B510FBDE9}.Debug|Any CPU.ActiveCfg = Debug|Any CPU
		{B401F1C9-3212-490D-979A-E35B510FBDE9}.Debug|Any CPU.Build.0 = Debug|Any CPU
		{B401F1C9-3212-490D-979A-E35B510FBDE9}.Release|Any CPU.ActiveCfg = Release|Any CPU
		{B401F1C9-3212-490D-979A-E35B510FBDE9}.Release|Any CPU.Build.0 = Release|Any CPU
	EndGlobalSection
	GlobalSection(SolutionProperties) = preSolution
		HideSolutionNode = FALSE
	EndGlobalSection
	GlobalSection(NestedProjects) = preSolution
		{835DBC44-B11C-45E8-A042-D550FC96F4B0} = {503A8641-B4A5-4D57-9CD2-54C5F894E88D}
		{450FAE99-6EFF-41DB-A041-CA520FCEE8BD} = {503A8641-B4A5-4D57-9CD2-54C5F894E88D}
		{0E8EA2BE-D431-4FD1-AF86-82EC582F661C} = {503A8641-B4A5-4D57-9CD2-54C5F894E88D}
		{D650132B-8F42-472B-9DA2-4FD23780A8DF} = {0E68FE58-BFAB-45C8-8EB5-52C74A6ADF7E}
		{3F999240-E302-4C10-857E-04CC93D76038} = {0E68FE58-BFAB-45C8-8EB5-52C74A6ADF7E}
		{931641EA-E452-42BA-8355-FC688C8AE98A} = {503A8641-B4A5-4D57-9CD2-54C5F894E88D}
		{BA6248D6-CD11-45FE-89C0-39CE9422E99A} = {503A8641-B4A5-4D57-9CD2-54C5F894E88D}
		{FF1E1353-6161-4D27-A5C5-3BF580ABFD17} = {0E68FE58-BFAB-45C8-8EB5-52C74A6ADF7E}
		{FA3117CD-8600-4FFF-9B23-8DD89BE50D3A} = {0E68FE58-BFAB-45C8-8EB5-52C74A6ADF7E}
		{92D0C554-90BD-4A2F-AD5E-2E799EBCE7A8} = {0E68FE58-BFAB-45C8-8EB5-52C74A6ADF7E}
		{75F56507-A860-40B4-97E9-13C0D541D441} = {503A8641-B4A5-4D57-9CD2-54C5F894E88D}
		{B221E8F2-3933-4111-A5A6-DA2C02498BBF} = {503A8641-B4A5-4D57-9CD2-54C5F894E88D}
		{66C636CB-DD2A-43EF-873E-5F348F65F381} = {3241C58C-62C0-40DD-9B85-43A50641A3FA}
		{EA788CFE-3CC1-4FE0-AD4D-273D44173799} = {3241C58C-62C0-40DD-9B85-43A50641A3FA}
		{90C168E1-E8C6-4779-90B8-C8CBEF95AD06} = {3241C58C-62C0-40DD-9B85-43A50641A3FA}
		{412A1687-B123-4D37-A6C9-DD6197A214D9} = {3241C58C-62C0-40DD-9B85-43A50641A3FA}
		{BD2148A3-7D83-4AE8-A199-437E8258289F} = {503A8641-B4A5-4D57-9CD2-54C5F894E88D}
		{B401F1C9-3212-490D-979A-E35B510FBDE9} = {0E68FE58-BFAB-45C8-8EB5-52C74A6ADF7E}
	EndGlobalSection
	GlobalSection(ExtensibilityGlobals) = postSolution
		SolutionGuid = {70E27639-9B58-4BD1-93FB-05D76A8A32EF}
	EndGlobalSection
EndGlobal
