
Microsoft Visual Studio Solution File, Format Version 12.00
# Visual Studio Version 16
VisualStudioVersion = 16.0.30907.101
MinimumVisualStudioVersion = 10.0.40219.1
Project("{9A19103F-16F7-4668-BE54-9A1E7A4F7556}") = "Sample", "Sample.csproj", "{8C0579EA-302B-442B-9832-5F842821C975}"
EndProject
Project("{9A19103F-16F7-4668-BE54-9A1E7A4F7556}") = "AnotherSample", "AnotherSample.csproj", "{3E12CF53-E3B7-42F2-90F7-70026CF0D337}"
EndProject
Global
	GlobalSection(SolutionConfigurationPlatforms) = preSolution
		Debug|Any CPU = Debug|Any CPU
		Release|Any CPU = Release|Any CPU
	EndGlobalSection
	GlobalSection(ProjectConfigurationPlatforms) = postSolution
		{8C0579EA-302B-442B-9832-5F842821C975}.Debug|Any CPU.ActiveCfg = Debug|Any CPU
		{8C0579EA-302B-442B-9832-5F842821C975}.Debug|Any CPU.Build.0 = Debug|Any CPU
		{8C0579EA-302B-442B-9832-5F842821C975}.Release|Any CPU.ActiveCfg = Release|Any CPU
		{8C0579EA-302B-442B-9832-5F842821C975}.Release|Any CPU.Build.0 = Release|Any CPU
		{3E12CF53-E3B7-42F2-90F7-70026CF0D337}.Debug|Any CPU.ActiveCfg = Debug|Any CPU
		{3E12CF53-E3B7-42F2-90F7-70026CF0D337}.Debug|Any CPU.Build.0 = Debug|Any CPU
		{3E12CF53-E3B7-42F2-90F7-70026CF0D337}.Release|Any CPU.ActiveCfg = Release|Any CPU
		{3E12CF53-E3B7-42F2-90F7-70026CF0D337}.Release|Any CPU.Build.0 = Release|Any CPU
	EndGlobalSection
	GlobalSection(SolutionProperties) = preSolution
		HideSolutionNode = FALSE
	EndGlobalSection
	GlobalSection(ExtensibilityGlobals) = postSolution
		SolutionGuid = {CAC370F0-4BCA-4182-9850-0D83B798F484}
	EndGlobalSection
EndGlobal
